("quicklisp" .
 (:class qlot/source/dist:source-dist
  :initargs (:distribution "https://beta.quicklisp.org/dist/quicklisp.txt" :%version :latest)
  :version "2025-06-22"))
("trivial-glob" .
 (:class qlot/source/github:source-github
  :initargs (:repos "fukamachi/trivial-glob" :ref nil :branch nil :tag nil)
  :version "github-0e5a70b96bd6f9f28de9878bd7b2e1f8d8ef07a5"))
("rove" .
 (:class qlot/source/github:source-github
  :initargs (:repos "fukamachi/rove" :ref nil :branch nil :tag nil)
  :version "github-1a4474901e7ab49e8184241dd88e74c95233195a"))
("asdf" .
 (:class qlot/source/asdf:source-asdf
  :initargs (:version "3.3.7.4")
  :version "3.3.7.4"))
