("quicklisp" .
 (:class qlot/source/dist:source-dist
  :initargs (:distribution "https://beta.quicklisp.org/dist/quicklisp.txt" :%version :latest)
  :version "2025-06-22"))
("rove" .
 (:class qlot/source/github:source-github
  :initargs (:repos "fukamachi/rove" :ref nil :branch nil :tag nil)
  :version "github-1a4474901e7ab49e8184241dd88e74c95233195a"))
